
Microsoft Visual Studio Solution File, Format Version 12.00
# Visual Studio Version 17
VisualStudioVersion = 17.2.32526.322
MinimumVisualStudioVersion = 10.0.40219.1
Project("{FAE04EC0-301F-11D3-BF4B-00C04F79EFBC}") = "Inventarios_BE", "Inventarios_BE\Inventarios_BE.csproj", "{1F64C73A-5842-49A2-A6B2-3284B03262AB}"
EndProject
Global
	GlobalSection(SolutionConfigurationPlatforms) = preSolution
		Debug|Any CPU = Debug|Any CPU
		Release|Any CPU = Release|Any CPU
	EndGlobalSection
	GlobalSection(ProjectConfigurationPlatforms) = postSolution
		{1F64C73A-5842-49A2-A6B2-3284B03262AB}.Debug|Any CPU.ActiveCfg = Debug|Any CPU
		{1F64C73A-5842-49A2-A6B2-3284B03262AB}.Debug|Any CPU.Build.0 = Debug|Any CPU
		{1F64C73A-5842-49A2-A6B2-3284B03262AB}.Release|Any CPU.ActiveCfg = Release|Any CPU
		{1F64C73A-5842-49A2-A6B2-3284B03262AB}.Release|Any CPU.Build.0 = Release|Any CPU
	EndGlobalSection
	GlobalSection(SolutionProperties) = preSolution
		HideSolutionNode = FALSE
	EndGlobalSection
	GlobalSection(ExtensibilityGlobals) = postSolution
		SolutionGuid = {C9F3C179-B117-4AF5-8266-4144BC730D1B}
	EndGlobalSection
EndGlobal
